
Microsoft Visual Studio Solution File, Format Version 12.00
# Visual Studio Version 17
VisualStudioVersion = 17.9.34701.34
MinimumVisualStudioVersion = 10.0.40219.1
Project("{FAE04EC0-301F-11D3-BF4B-00C04F79EFBC}") = "GUI", "GUI\GUI.csproj", "{F69C6586-A90B-476E-86DE-411C3EFE22B0}"
EndProject
Project("{FAE04EC0-301F-11D3-BF4B-00C04F79EFBC}") = "DAL", "DAL\DAL.csproj", "{B7ADDE83-72D8-420C-918F-609E93DD1227}"
EndProject
Project("{FAE04EC0-301F-11D3-BF4B-00C04F79EFBC}") = "BLL", "BLL\BLL.csproj", "{709F2024-6637-4F31-A398-0953842D23F3}"
EndProject
Global
	GlobalSection(SolutionConfigurationPlatforms) = preSolution
		Debug|Any CPU = Debug|Any CPU
		Release|Any CPU = Release|Any CPU
	EndGlobalSection
	GlobalSection(ProjectConfigurationPlatforms) = postSolution
		{F69C6586-A90B-476E-86DE-411C3EFE22B0}.Debug|Any CPU.ActiveCfg = Debug|Any CPU
		{F69C6586-A90B-476E-86DE-411C3EFE22B0}.Debug|Any CPU.Build.0 = Debug|Any CPU
		{F69C6586-A90B-476E-86DE-411C3EFE22B0}.Release|Any CPU.ActiveCfg = Release|Any CPU
		{F69C6586-A90B-476E-86DE-411C3EFE22B0}.Release|Any CPU.Build.0 = Release|Any CPU
		{B7ADDE83-72D8-420C-918F-609E93DD1227}.Debug|Any CPU.ActiveCfg = Debug|Any CPU
		{B7ADDE83-72D8-420C-918F-609E93DD1227}.Debug|Any CPU.Build.0 = Debug|Any CPU
		{B7ADDE83-72D8-420C-918F-609E93DD1227}.Release|Any CPU.ActiveCfg = Release|Any CPU
		{B7ADDE83-72D8-420C-918F-609E93DD1227}.Release|Any CPU.Build.0 = Release|Any CPU
		{709F2024-6637-4F31-A398-0953842D23F3}.Debug|Any CPU.ActiveCfg = Debug|Any CPU
		{709F2024-6637-4F31-A398-0953842D23F3}.Debug|Any CPU.Build.0 = Debug|Any CPU
		{709F2024-6637-4F31-A398-0953842D23F3}.Release|Any CPU.ActiveCfg = Release|Any CPU
		{709F2024-6637-4F31-A398-0953842D23F3}.Release|Any CPU.Build.0 = Release|Any CPU
	EndGlobalSection
	GlobalSection(SolutionProperties) = preSolution
		HideSolutionNode = FALSE
	EndGlobalSection
	GlobalSection(ExtensibilityGlobals) = postSolution
		SolutionGuid = {9FBF4460-BFD5-4A73-ADFA-37824655C859}
	EndGlobalSection
EndGlobal
